
Microsoft Visual Studio Solution File, Format Version 12.00
# Visual Studio Version 17
VisualStudioVersion = 17.8.34316.72
MinimumVisualStudioVersion = 10.0.40219.1
Project("{FAE04EC0-301F-11D3-BF4B-00C04F79EFBC}") = "Clinica_ADO", "Clinica_ADO\Clinica_ADO.csproj", "{839509F2-CFBF-4372-B337-0561BBD425F8}"
EndProject
Project("{FAE04EC0-301F-11D3-BF4B-00C04F79EFBC}") = "Clinica_BL", "Clinica_BL\Clinica_BL.csproj", "{5231DC09-D207-400E-916D-3BAA7790330C}"
EndProject
Project("{FAE04EC0-301F-11D3-BF4B-00C04F79EFBC}") = "Clinica_BE", "Clinica_BE\Clinica_BE.csproj", "{7D22EBA3-AC33-4EC0-B69D-9E6473A0876B}"
EndProject
Project("{FAE04EC0-301F-11D3-BF4B-00C04F79EFBC}") = "ClinicaWEB", "ClinicaWEB\ClinicaWEB.csproj", "{577F108B-AA45-4BAB-8C58-69128F356422}"
EndProject
Global
	GlobalSection(SolutionConfigurationPlatforms) = preSolution
		Debug|Any CPU = Debug|Any CPU
		Release|Any CPU = Release|Any CPU
	EndGlobalSection
	GlobalSection(ProjectConfigurationPlatforms) = postSolution
		{839509F2-CFBF-4372-B337-0561BBD425F8}.Debug|Any CPU.ActiveCfg = Debug|Any CPU
		{839509F2-CFBF-4372-B337-0561BBD425F8}.Debug|Any CPU.Build.0 = Debug|Any CPU
		{839509F2-CFBF-4372-B337-0561BBD425F8}.Release|Any CPU.ActiveCfg = Release|Any CPU
		{839509F2-CFBF-4372-B337-0561BBD425F8}.Release|Any CPU.Build.0 = Release|Any CPU
		{5231DC09-D207-400E-916D-3BAA7790330C}.Debug|Any CPU.ActiveCfg = Debug|Any CPU
		{5231DC09-D207-400E-916D-3BAA7790330C}.Debug|Any CPU.Build.0 = Debug|Any CPU
		{5231DC09-D207-400E-916D-3BAA7790330C}.Release|Any CPU.ActiveCfg = Release|Any CPU
		{5231DC09-D207-400E-916D-3BAA7790330C}.Release|Any CPU.Build.0 = Release|Any CPU
		{7D22EBA3-AC33-4EC0-B69D-9E6473A0876B}.Debug|Any CPU.ActiveCfg = Debug|Any CPU
		{7D22EBA3-AC33-4EC0-B69D-9E6473A0876B}.Debug|Any CPU.Build.0 = Debug|Any CPU
		{7D22EBA3-AC33-4EC0-B69D-9E6473A0876B}.Release|Any CPU.ActiveCfg = Release|Any CPU
		{7D22EBA3-AC33-4EC0-B69D-9E6473A0876B}.Release|Any CPU.Build.0 = Release|Any CPU
		{577F108B-AA45-4BAB-8C58-69128F356422}.Debug|Any CPU.ActiveCfg = Debug|Any CPU
		{577F108B-AA45-4BAB-8C58-69128F356422}.Debug|Any CPU.Build.0 = Debug|Any CPU
		{577F108B-AA45-4BAB-8C58-69128F356422}.Release|Any CPU.ActiveCfg = Release|Any CPU
		{577F108B-AA45-4BAB-8C58-69128F356422}.Release|Any CPU.Build.0 = Release|Any CPU
	EndGlobalSection
	GlobalSection(SolutionProperties) = preSolution
		HideSolutionNode = FALSE
	EndGlobalSection
	GlobalSection(ExtensibilityGlobals) = postSolution
		SolutionGuid = {7211E007-4BD3-43C3-A7B3-2412D014C436}
	EndGlobalSection
EndGlobal
